
Microsoft Visual Studio Solution File, Format Version 12.00
# Visual Studio Version 17
VisualStudioVersion = 17.5.33209.295
MinimumVisualStudioVersion = 10.0.40219.1
Project("{FAE04EC0-301F-11D3-BF4B-00C04F79EFBC}") = "MudBlazorWasmAzure", "MudBlazorWasmAzure\MudBlazorWasmAzure.csproj", "{D00A6D24-4D75-41E6-BBC9-4AB95CB636F5}"
EndProject
Global
	GlobalSection(SolutionConfigurationPlatforms) = preSolution
		Debug|Any CPU = Debug|Any CPU
		Release|Any CPU = Release|Any CPU
	EndGlobalSection
	GlobalSection(ProjectConfigurationPlatforms) = postSolution
		{D00A6D24-4D75-41E6-BBC9-4AB95CB636F5}.Debug|Any CPU.ActiveCfg = Debug|Any CPU
		{D00A6D24-4D75-41E6-BBC9-4AB95CB636F5}.Debug|Any CPU.Build.0 = Debug|Any CPU
		{D00A6D24-4D75-41E6-BBC9-4AB95CB636F5}.Release|Any CPU.ActiveCfg = Release|Any CPU
		{D00A6D24-4D75-41E6-BBC9-4AB95CB636F5}.Release|Any CPU.Build.0 = Release|Any CPU
	EndGlobalSection
	GlobalSection(SolutionProperties) = preSolution
		HideSolutionNode = FALSE
	EndGlobalSection
	GlobalSection(ExtensibilityGlobals) = postSolution
		SolutionGuid = {64C3D492-80AE-4F73-8AF5-C043E0819E0A}
	EndGlobalSection
EndGlobal
